
Microsoft Visual Studio Solution File, Format Version 12.00
# Visual Studio Version 17
VisualStudioVersion = 17.7.34202.233
MinimumVisualStudioVersion = 10.0.40219.1
Project("{FAE04EC0-301F-11D3-BF4B-00C04F79EFBC}") = "BethanyPieShop", "BethanyPieShop\BethanyPieShop.csproj", "{A0659687-F0DC-43E9-98B8-B722C6F7AEB3}"
EndProject
Global
	GlobalSection(SolutionConfigurationPlatforms) = preSolution
		Debug|Any CPU = Debug|Any CPU
		Release|Any CPU = Release|Any CPU
	EndGlobalSection
	GlobalSection(ProjectConfigurationPlatforms) = postSolution
		{A0659687-F0DC-43E9-98B8-B722C6F7AEB3}.Debug|Any CPU.ActiveCfg = Debug|Any CPU
		{A0659687-F0DC-43E9-98B8-B722C6F7AEB3}.Debug|Any CPU.Build.0 = Debug|Any CPU
		{A0659687-F0DC-43E9-98B8-B722C6F7AEB3}.Release|Any CPU.ActiveCfg = Release|Any CPU
		{A0659687-F0DC-43E9-98B8-B722C6F7AEB3}.Release|Any CPU.Build.0 = Release|Any CPU
	EndGlobalSection
	GlobalSection(SolutionProperties) = preSolution
		HideSolutionNode = FALSE
	EndGlobalSection
	GlobalSection(ExtensibilityGlobals) = postSolution
		SolutionGuid = {850FF962-C184-4084-8CC3-93CA049A9BA6}
	EndGlobalSection
EndGlobal
